{
  "lockfileVersion": 1,
  "workspaces": {
    "": {
      "name": "skills-uploadfile",
      "dependencies": {
        "@hono/swagger-ui": "0.1.0",
        "@hono/zod-openapi": "^0.9.5",
        "hono": "^4.0.0",
        "zod": "^3.22.4",
      },
      "devDependencies": {
        "bun-types": "latest",
      },
    },
  },
  "packages": {
    "@asteasolutions/zod-to-openapi": ["@asteasolutions/zod-to-openapi@5.5.0", "", { "dependencies": { "openapi3-ts": "^4.1.2" }, "peerDependencies": { "zod": "^3.20.2" } }, "sha512-d5HwrvM6dOKr3XdeF+DmashGvfEc+1oiEfbscugsiwSTrFtuMa7ETpW9sTNnVgn+hJaz+PRxPQUYD7q9/5dUig=="],

    "@hono/swagger-ui": ["@hono/swagger-ui@0.1.0", "", { "peerDependencies": { "hono": "*" } }, "sha512-W5WEEhk2QtiqdSfM40FcK98Q5Bz4H/NfNqBUSkcZ46ys+DG4wt1yGsmRZgdJMje6t5Vn8eFN+9nyO+/dAp3drA=="],

    "@hono/zod-openapi": ["@hono/zod-openapi@0.9.10", "", { "dependencies": { "@asteasolutions/zod-to-openapi": "^5.5.0", "@hono/zod-validator": "0.2.1" }, "peerDependencies": { "hono": ">=3.11.3", "zod": "3.*" } }, "sha512-v/b/z0qPxDo952gjRyhJ0n9ifbPoIluR2KmXDL20np0hj99+XvakoIHK5/T/3+hUmXlTj1Kn3TiGsSV6hwZesg=="],

    "@hono/zod-validator": ["@hono/zod-validator@0.2.1", "", { "peerDependencies": { "hono": ">=3.9.0", "zod": "^3.19.1" } }, "sha512-HFoxln7Q6JsE64qz2WBS28SD33UB2alp3aRKmcWnNLDzEL1BLsWfbdX6e1HIiUprHYTIXf5y7ax8eYidKUwyaA=="],

    "@types/node": ["@types/node@24.0.0", "", { "dependencies": { "undici-types": "~7.8.0" } }, "sha512-yZQa2zm87aRVcqDyH5+4Hv9KYgSdgwX1rFnGvpbzMaC7YAljmhBET93TPiTd3ObwTL+gSpIzPKg5BqVxdCvxKg=="],

    "bun-types": ["bun-types@1.2.15", "", { "dependencies": { "@types/node": "*" } }, "sha512-NarRIaS+iOaQU1JPfyKhZm4AsUOrwUOqRNHY0XxI8GI8jYxiLXLcdjYMG9UKS+fwWasc1uw1htV9AX24dD+p4w=="],

    "hono": ["hono@4.7.11", "", {}, "sha512-rv0JMwC0KALbbmwJDEnxvQCeJh+xbS3KEWW5PC9cMJ08Ur9xgatI0HmtgYZfOdOSOeYsp5LO2cOhdI8cLEbDEQ=="],

    "openapi3-ts": ["openapi3-ts@4.4.0", "", { "dependencies": { "yaml": "^2.5.0" } }, "sha512-9asTNB9IkKEzWMcHmVZE7Ts3kC9G7AFHfs8i7caD8HbI76gEjdkId4z/AkP83xdZsH7PLAnnbl47qZkXuxpArw=="],

    "undici-types": ["undici-types@7.8.0", "", {}, "sha512-9UJ2xGDvQ43tYyVMpuHlsgApydB8ZKfVYTsLDhXkFL/6gfkp+U8xTGdh8pMJv1SpZna0zxG1DwsKZsreLbXBxw=="],

    "yaml": ["yaml@2.8.0", "", { "bin": { "yaml": "bin.mjs" } }, "sha512-4lLa/EcQCB0cJkyts+FpIRx5G/llPxfP6VQU5KByHEhLxY3IJCH0f0Hy1MHI8sClTvsIb8qwRJ6R/ZdlDJ/leQ=="],

    "zod": ["zod@3.25.61", "", {}, "sha512-fzfJgUw78LTNnHujj9re1Ov/JJQkRZZGDMcYqSx7Hp4rPOkKywaFHq0S6GoHeXs0wGNE/sIOutkXgnwzrVOGCQ=="],
  }
}
